
Microsoft Visual Studio Solution File, Format Version 12.00
# Visual Studio Version 17
VisualStudioVersion = 17.7.34202.233
MinimumVisualStudioVersion = 10.0.40219.1
Project("{FAE04EC0-301F-11D3-BF4B-00C04F79EFBC}") = "Queue", "Queue\Queue.csproj", "{875C9ABC-E7BD-4162-8863-49F6A2771799}"
EndProject
Global
	GlobalSection(SolutionConfigurationPlatforms) = preSolution
		Debug|Any CPU = Debug|Any CPU
		Release|Any CPU = Release|Any CPU
	EndGlobalSection
	GlobalSection(ProjectConfigurationPlatforms) = postSolution
		{875C9ABC-E7BD-4162-8863-49F6A2771799}.Debug|Any CPU.ActiveCfg = Debug|Any CPU
		{875C9ABC-E7BD-4162-8863-49F6A2771799}.Debug|Any CPU.Build.0 = Debug|Any CPU
		{875C9ABC-E7BD-4162-8863-49F6A2771799}.Release|Any CPU.ActiveCfg = Release|Any CPU
		{875C9ABC-E7BD-4162-8863-49F6A2771799}.Release|Any CPU.Build.0 = Release|Any CPU
	EndGlobalSection
	GlobalSection(SolutionProperties) = preSolution
		HideSolutionNode = FALSE
	EndGlobalSection
	GlobalSection(ExtensibilityGlobals) = postSolution
		SolutionGuid = {5E761F8A-BD27-46CB-AB6B-A81D402F1FC6}
	EndGlobalSection
EndGlobal
